
Microsoft Visual Studio Solution File, Format Version 12.00
# Visual Studio Version 17
VisualStudioVersion = 17.0.31903.59
MinimumVisualStudioVersion = 10.0.40219.1
Project("{2150E333-8FDC-42A3-9474-1A3956D46DE8}") = "Documentation", "Documentation", "{827E0CD3-B72D-47B6-A68D-7590B98EB39B}"
	ProjectSection(SolutionItems) = preProject
		README.md = README.md
	EndProjectSection
EndProject
Project("{2150E333-8FDC-42A3-9474-1A3956D46DE8}") = "Engine", "Engine", "{A565E7C7-6229-4D9D-B53A-CF177D982E5C}"
EndProject
Project("{2150E333-8FDC-42A3-9474-1A3956D46DE8}") = "Hosts", "Hosts", "{35F68A1F-5F1E-4265-BB03-762928A90B53}"
EndProject
Project("{2150E333-8FDC-42A3-9474-1A3956D46DE8}") = "Games", "Games", "{FFB84126-B5C1-4CAB-B741-6A530D9E994E}"
EndProject
Project("{2150E333-8FDC-42A3-9474-1A3956D46DE8}") = "Tools", "Tools", "{AE036E9A-6B99-4862-A3A5-4D880C66A532}"
EndProject
Project("{2150E333-8FDC-42A3-9474-1A3956D46DE8}") = "Tests", "Tests", "{A344C91C-402E-46E5-8060-65D557A6276A}"
EndProject
Project("{FAE04EC0-301F-11D3-BF4B-00C04F79EFBC}") = "HexStrategy.Core", "engine\HexStrategy.Core\HexStrategy.Core.csproj", "{7F03E84F-0AE9-48C8-85B1-101FC5DC21FB}"
EndProject
Project("{FAE04EC0-301F-11D3-BF4B-00C04F79EFBC}") = "HexStrategy.Application", "engine\HexStrategy.Application\HexStrategy.Application.csproj", "{1F5D41E5-9370-4903-A18F-3C107962B208}"
EndProject
Project("{FAE04EC0-301F-11D3-BF4B-00C04F79EFBC}") = "HexStrategy.Session", "engine\HexStrategy.Session\HexStrategy.Session.csproj", "{42D1D4DD-C138-41C7-B224-FC53F664DFE5}"
EndProject
Project("{FAE04EC0-301F-11D3-BF4B-00C04F79EFBC}") = "HexStrategy.Host.Api", "hosts\HexStrategy.Host.Api\HexStrategy.Host.Api.csproj", "{6775A50D-9FF9-400E-8BF3-A39AC010FE3A}"
EndProject
Project("{FAE04EC0-301F-11D3-BF4B-00C04F79EFBC}") = "HexStrategy.Game.KingOfTheHill", "games\HexStrategy.Game.KingOfTheHill\HexStrategy.Game.KingOfTheHill.csproj", "{BB2B7F04-E32F-44B2-86DC-EA966DC50502}"
EndProject
Project("{FAE04EC0-301F-11D3-BF4B-00C04F79EFBC}") = "HexStrategy.Console.KingOfTheHill", "tools\HexStrategy.Console.KingOfTheHill\HexStrategy.Console.KingOfTheHill.csproj", "{FCA7E4A3-2867-4420-830C-ADF4E8134EE5}"
EndProject
Project("{FAE04EC0-301F-11D3-BF4B-00C04F79EFBC}") = "HexStrategy.Core.Tests", "tests\HexStrategy.Core.Tests\HexStrategy.Core.Tests.csproj", "{90BAEEAA-79A3-447A-B99D-0D9FDB91D2CF}"
EndProject
Project("{FAE04EC0-301F-11D3-BF4B-00C04F79EFBC}") = "HexStrategy.Game.KingOfTheHill.Tests", "tests\HexStrategy.Game.KingOfTheHill.Tests\HexStrategy.Game.KingOfTheHill.Tests.csproj", "{65A6B045-385A-4364-B780-92100661884C}"
EndProject
Project("{FAE04EC0-301F-11D3-BF4B-00C04F79EFBC}") = "HexStrategy.Frontend.Web.KingOfTheHill", "tools\HexStrategy.Frontend.Web.KingOfTheHill\HexStrategy.Frontend.Web.KingOfTheHill.csproj", "{E2C8E6AB-84D7-4D0A-9F2A-B0378CC0D8B7}"
EndProject
Global
	GlobalSection(SolutionConfigurationPlatforms) = preSolution
		Debug|Any CPU = Debug|Any CPU
		Debug|x64 = Debug|x64
		Debug|x86 = Debug|x86
		Release|Any CPU = Release|Any CPU
		Release|x64 = Release|x64
		Release|x86 = Release|x86
	EndGlobalSection
	GlobalSection(ProjectConfigurationPlatforms) = postSolution
		{7F03E84F-0AE9-48C8-85B1-101FC5DC21FB}.Debug|Any CPU.ActiveCfg = Debug|Any CPU
		{7F03E84F-0AE9-48C8-85B1-101FC5DC21FB}.Debug|Any CPU.Build.0 = Debug|Any CPU
		{7F03E84F-0AE9-48C8-85B1-101FC5DC21FB}.Debug|x64.ActiveCfg = Debug|Any CPU
		{7F03E84F-0AE9-48C8-85B1-101FC5DC21FB}.Debug|x64.Build.0 = Debug|Any CPU
		{7F03E84F-0AE9-48C8-85B1-101FC5DC21FB}.Debug|x86.ActiveCfg = Debug|Any CPU
		{7F03E84F-0AE9-48C8-85B1-101FC5DC21FB}.Debug|x86.Build.0 = Debug|Any CPU
		{7F03E84F-0AE9-48C8-85B1-101FC5DC21FB}.Release|Any CPU.ActiveCfg = Release|Any CPU
		{7F03E84F-0AE9-48C8-85B1-101FC5DC21FB}.Release|Any CPU.Build.0 = Release|Any CPU
		{7F03E84F-0AE9-48C8-85B1-101FC5DC21FB}.Release|x64.ActiveCfg = Release|Any CPU
		{7F03E84F-0AE9-48C8-85B1-101FC5DC21FB}.Release|x64.Build.0 = Release|Any CPU
		{7F03E84F-0AE9-48C8-85B1-101FC5DC21FB}.Release|x86.ActiveCfg = Release|Any CPU
		{7F03E84F-0AE9-48C8-85B1-101FC5DC21FB}.Release|x86.Build.0 = Release|Any CPU
		{1F5D41E5-9370-4903-A18F-3C107962B208}.Debug|Any CPU.ActiveCfg = Debug|Any CPU
		{1F5D41E5-9370-4903-A18F-3C107962B208}.Debug|Any CPU.Build.0 = Debug|Any CPU
		{1F5D41E5-9370-4903-A18F-3C107962B208}.Debug|x64.ActiveCfg = Debug|Any CPU
		{1F5D41E5-9370-4903-A18F-3C107962B208}.Debug|x64.Build.0 = Debug|Any CPU
		{1F5D41E5-9370-4903-A18F-3C107962B208}.Debug|x86.ActiveCfg = Debug|Any CPU
		{1F5D41E5-9370-4903-A18F-3C107962B208}.Debug|x86.Build.0 = Debug|Any CPU
		{1F5D41E5-9370-4903-A18F-3C107962B208}.Release|Any CPU.ActiveCfg = Release|Any CPU
		{1F5D41E5-9370-4903-A18F-3C107962B208}.Release|Any CPU.Build.0 = Release|Any CPU
		{1F5D41E5-9370-4903-A18F-3C107962B208}.Release|x64.ActiveCfg = Release|Any CPU
		{1F5D41E5-9370-4903-A18F-3C107962B208}.Release|x64.Build.0 = Release|Any CPU
		{1F5D41E5-9370-4903-A18F-3C107962B208}.Release|x86.ActiveCfg = Release|Any CPU
		{1F5D41E5-9370-4903-A18F-3C107962B208}.Release|x86.Build.0 = Release|Any CPU
		{42D1D4DD-C138-41C7-B224-FC53F664DFE5}.Debug|Any CPU.ActiveCfg = Debug|Any CPU
		{42D1D4DD-C138-41C7-B224-FC53F664DFE5}.Debug|Any CPU.Build.0 = Debug|Any CPU
		{42D1D4DD-C138-41C7-B224-FC53F664DFE5}.Debug|x64.ActiveCfg = Debug|Any CPU
		{42D1D4DD-C138-41C7-B224-FC53F664DFE5}.Debug|x64.Build.0 = Debug|Any CPU
		{42D1D4DD-C138-41C7-B224-FC53F664DFE5}.Debug|x86.ActiveCfg = Debug|Any CPU
		{42D1D4DD-C138-41C7-B224-FC53F664DFE5}.Debug|x86.Build.0 = Debug|Any CPU
		{42D1D4DD-C138-41C7-B224-FC53F664DFE5}.Release|Any CPU.ActiveCfg = Release|Any CPU
		{42D1D4DD-C138-41C7-B224-FC53F664DFE5}.Release|Any CPU.Build.0 = Release|Any CPU
		{42D1D4DD-C138-41C7-B224-FC53F664DFE5}.Release|x64.ActiveCfg = Release|Any CPU
		{42D1D4DD-C138-41C7-B224-FC53F664DFE5}.Release|x64.Build.0 = Release|Any CPU
		{42D1D4DD-C138-41C7-B224-FC53F664DFE5}.Release|x86.ActiveCfg = Release|Any CPU
		{42D1D4DD-C138-41C7-B224-FC53F664DFE5}.Release|x86.Build.0 = Release|Any CPU
		{6775A50D-9FF9-400E-8BF3-A39AC010FE3A}.Debug|Any CPU.ActiveCfg = Debug|Any CPU
		{6775A50D-9FF9-400E-8BF3-A39AC010FE3A}.Debug|Any CPU.Build.0 = Debug|Any CPU
		{6775A50D-9FF9-400E-8BF3-A39AC010FE3A}.Debug|x64.ActiveCfg = Debug|Any CPU
		{6775A50D-9FF9-400E-8BF3-A39AC010FE3A}.Debug|x64.Build.0 = Debug|Any CPU
		{6775A50D-9FF9-400E-8BF3-A39AC010FE3A}.Debug|x86.ActiveCfg = Debug|Any CPU
		{6775A50D-9FF9-400E-8BF3-A39AC010FE3A}.Debug|x86.Build.0 = Debug|Any CPU
		{6775A50D-9FF9-400E-8BF3-A39AC010FE3A}.Release|Any CPU.ActiveCfg = Release|Any CPU
		{6775A50D-9FF9-400E-8BF3-A39AC010FE3A}.Release|Any CPU.Build.0 = Release|Any CPU
		{6775A50D-9FF9-400E-8BF3-A39AC010FE3A}.Release|x64.ActiveCfg = Release|Any CPU
		{6775A50D-9FF9-400E-8BF3-A39AC010FE3A}.Release|x64.Build.0 = Release|Any CPU
		{6775A50D-9FF9-400E-8BF3-A39AC010FE3A}.Release|x86.ActiveCfg = Release|Any CPU
		{6775A50D-9FF9-400E-8BF3-A39AC010FE3A}.Release|x86.Build.0 = Release|Any CPU
		{BB2B7F04-E32F-44B2-86DC-EA966DC50502}.Debug|Any CPU.ActiveCfg = Debug|Any CPU
		{BB2B7F04-E32F-44B2-86DC-EA966DC50502}.Debug|Any CPU.Build.0 = Debug|Any CPU
		{BB2B7F04-E32F-44B2-86DC-EA966DC50502}.Debug|x64.ActiveCfg = Debug|Any CPU
		{BB2B7F04-E32F-44B2-86DC-EA966DC50502}.Debug|x64.Build.0 = Debug|Any CPU
		{BB2B7F04-E32F-44B2-86DC-EA966DC50502}.Debug|x86.ActiveCfg = Debug|Any CPU
		{BB2B7F04-E32F-44B2-86DC-EA966DC50502}.Debug|x86.Build.0 = Debug|Any CPU
		{BB2B7F04-E32F-44B2-86DC-EA966DC50502}.Release|Any CPU.ActiveCfg = Release|Any CPU
		{BB2B7F04-E32F-44B2-86DC-EA966DC50502}.Release|Any CPU.Build.0 = Release|Any CPU
		{BB2B7F04-E32F-44B2-86DC-EA966DC50502}.Release|x64.ActiveCfg = Release|Any CPU
		{BB2B7F04-E32F-44B2-86DC-EA966DC50502}.Release|x64.Build.0 = Release|Any CPU
		{BB2B7F04-E32F-44B2-86DC-EA966DC50502}.Release|x86.ActiveCfg = Release|Any CPU
		{BB2B7F04-E32F-44B2-86DC-EA966DC50502}.Release|x86.Build.0 = Release|Any CPU
		{FCA7E4A3-2867-4420-830C-ADF4E8134EE5}.Debug|Any CPU.ActiveCfg = Debug|Any CPU
		{FCA7E4A3-2867-4420-830C-ADF4E8134EE5}.Debug|Any CPU.Build.0 = Debug|Any CPU
		{FCA7E4A3-2867-4420-830C-ADF4E8134EE5}.Debug|x64.ActiveCfg = Debug|Any CPU
		{FCA7E4A3-2867-4420-830C-ADF4E8134EE5}.Debug|x64.Build.0 = Debug|Any CPU
		{FCA7E4A3-2867-4420-830C-ADF4E8134EE5}.Debug|x86.ActiveCfg = Debug|Any CPU
		{FCA7E4A3-2867-4420-830C-ADF4E8134EE5}.Debug|x86.Build.0 = Debug|Any CPU
		{FCA7E4A3-2867-4420-830C-ADF4E8134EE5}.Release|Any CPU.ActiveCfg = Release|Any CPU
		{FCA7E4A3-2867-4420-830C-ADF4E8134EE5}.Release|Any CPU.Build.0 = Release|Any CPU
		{FCA7E4A3-2867-4420-830C-ADF4E8134EE5}.Release|x64.ActiveCfg = Release|Any CPU
		{FCA7E4A3-2867-4420-830C-ADF4E8134EE5}.Release|x64.Build.0 = Release|Any CPU
		{FCA7E4A3-2867-4420-830C-ADF4E8134EE5}.Release|x86.ActiveCfg = Release|Any CPU
		{FCA7E4A3-2867-4420-830C-ADF4E8134EE5}.Release|x86.Build.0 = Release|Any CPU
		{90BAEEAA-79A3-447A-B99D-0D9FDB91D2CF}.Debug|Any CPU.ActiveCfg = Debug|Any CPU
		{90BAEEAA-79A3-447A-B99D-0D9FDB91D2CF}.Debug|Any CPU.Build.0 = Debug|Any CPU
		{90BAEEAA-79A3-447A-B99D-0D9FDB91D2CF}.Debug|x64.ActiveCfg = Debug|Any CPU
		{90BAEEAA-79A3-447A-B99D-0D9FDB91D2CF}.Debug|x64.Build.0 = Debug|Any CPU
		{90BAEEAA-79A3-447A-B99D-0D9FDB91D2CF}.Debug|x86.ActiveCfg = Debug|Any CPU
		{90BAEEAA-79A3-447A-B99D-0D9FDB91D2CF}.Debug|x86.Build.0 = Debug|Any CPU
		{90BAEEAA-79A3-447A-B99D-0D9FDB91D2CF}.Release|Any CPU.ActiveCfg = Release|Any CPU
		{90BAEEAA-79A3-447A-B99D-0D9FDB91D2CF}.Release|Any CPU.Build.0 = Release|Any CPU
		{90BAEEAA-79A3-447A-B99D-0D9FDB91D2CF}.Release|x64.ActiveCfg = Release|Any CPU
		{90BAEEAA-79A3-447A-B99D-0D9FDB91D2CF}.Release|x64.Build.0 = Release|Any CPU
		{90BAEEAA-79A3-447A-B99D-0D9FDB91D2CF}.Release|x86.ActiveCfg = Release|Any CPU
		{90BAEEAA-79A3-447A-B99D-0D9FDB91D2CF}.Release|x86.Build.0 = Release|Any CPU
		{65A6B045-385A-4364-B780-92100661884C}.Debug|Any CPU.ActiveCfg = Debug|Any CPU
		{65A6B045-385A-4364-B780-92100661884C}.Debug|Any CPU.Build.0 = Debug|Any CPU
		{65A6B045-385A-4364-B780-92100661884C}.Debug|x64.ActiveCfg = Debug|Any CPU
		{65A6B045-385A-4364-B780-92100661884C}.Debug|x64.Build.0 = Debug|Any CPU
		{65A6B045-385A-4364-B780-92100661884C}.Debug|x86.ActiveCfg = Debug|Any CPU
		{65A6B045-385A-4364-B780-92100661884C}.Debug|x86.Build.0 = Debug|Any CPU
		{65A6B045-385A-4364-B780-92100661884C}.Release|Any CPU.ActiveCfg = Release|Any CPU
		{65A6B045-385A-4364-B780-92100661884C}.Release|Any CPU.Build.0 = Release|Any CPU
		{65A6B045-385A-4364-B780-92100661884C}.Release|x64.ActiveCfg = Release|Any CPU
		{65A6B045-385A-4364-B780-92100661884C}.Release|x64.Build.0 = Release|Any CPU
		{65A6B045-385A-4364-B780-92100661884C}.Release|x86.ActiveCfg = Release|Any CPU
		{65A6B045-385A-4364-B780-92100661884C}.Release|x86.Build.0 = Release|Any CPU
		{E2C8E6AB-84D7-4D0A-9F2A-B0378CC0D8B7}.Debug|Any CPU.ActiveCfg = Debug|Any CPU
		{E2C8E6AB-84D7-4D0A-9F2A-B0378CC0D8B7}.Debug|Any CPU.Build.0 = Debug|Any CPU
		{E2C8E6AB-84D7-4D0A-9F2A-B0378CC0D8B7}.Debug|x64.ActiveCfg = Debug|Any CPU
		{E2C8E6AB-84D7-4D0A-9F2A-B0378CC0D8B7}.Debug|x64.Build.0 = Debug|Any CPU
		{E2C8E6AB-84D7-4D0A-9F2A-B0378CC0D8B7}.Debug|x86.ActiveCfg = Debug|Any CPU
		{E2C8E6AB-84D7-4D0A-9F2A-B0378CC0D8B7}.Debug|x86.Build.0 = Debug|Any CPU
		{E2C8E6AB-84D7-4D0A-9F2A-B0378CC0D8B7}.Release|Any CPU.ActiveCfg = Release|Any CPU
		{E2C8E6AB-84D7-4D0A-9F2A-B0378CC0D8B7}.Release|Any CPU.Build.0 = Release|Any CPU
		{E2C8E6AB-84D7-4D0A-9F2A-B0378CC0D8B7}.Release|x64.ActiveCfg = Release|Any CPU
		{E2C8E6AB-84D7-4D0A-9F2A-B0378CC0D8B7}.Release|x64.Build.0 = Release|Any CPU
		{E2C8E6AB-84D7-4D0A-9F2A-B0378CC0D8B7}.Release|x86.ActiveCfg = Release|Any CPU
		{E2C8E6AB-84D7-4D0A-9F2A-B0378CC0D8B7}.Release|x86.Build.0 = Release|Any CPU
	EndGlobalSection
	GlobalSection(SolutionProperties) = preSolution
		HideSolutionNode = FALSE
	EndGlobalSection
	GlobalSection(NestedProjects) = preSolution
		{7F03E84F-0AE9-48C8-85B1-101FC5DC21FB} = {A565E7C7-6229-4D9D-B53A-CF177D982E5C}
		{1F5D41E5-9370-4903-A18F-3C107962B208} = {A565E7C7-6229-4D9D-B53A-CF177D982E5C}
		{42D1D4DD-C138-41C7-B224-FC53F664DFE5} = {A565E7C7-6229-4D9D-B53A-CF177D982E5C}
		{6775A50D-9FF9-400E-8BF3-A39AC010FE3A} = {35F68A1F-5F1E-4265-BB03-762928A90B53}
		{BB2B7F04-E32F-44B2-86DC-EA966DC50502} = {FFB84126-B5C1-4CAB-B741-6A530D9E994E}
		{FCA7E4A3-2867-4420-830C-ADF4E8134EE5} = {AE036E9A-6B99-4862-A3A5-4D880C66A532}
		{E2C8E6AB-84D7-4D0A-9F2A-B0378CC0D8B7} = {AE036E9A-6B99-4862-A3A5-4D880C66A532}
		{90BAEEAA-79A3-447A-B99D-0D9FDB91D2CF} = {A344C91C-402E-46E5-8060-65D557A6276A}
		{65A6B045-385A-4364-B780-92100661884C} = {A344C91C-402E-46E5-8060-65D557A6276A}
	EndGlobalSection
EndGlobal
